
Microsoft Visual Studio Solution File, Format Version 12.00
# Visual Studio Version 17
VisualStudioVersion = 17.7.34024.191
MinimumVisualStudioVersion = 10.0.40219.1
Project("{FAE04EC0-301F-11D3-BF4B-00C04F79EFBC}") = "dz3_z3", "dz3_z3.csproj", "{ECBBEBF5-982D-47C4-880C-939C1E3EC0AD}"
EndProject
Global
	GlobalSection(SolutionConfigurationPlatforms) = preSolution
		Debug|Any CPU = Debug|Any CPU
		Release|Any CPU = Release|Any CPU
	EndGlobalSection
	GlobalSection(ProjectConfigurationPlatforms) = postSolution
		{ECBBEBF5-982D-47C4-880C-939C1E3EC0AD}.Debug|Any CPU.ActiveCfg = Debug|Any CPU
		{ECBBEBF5-982D-47C4-880C-939C1E3EC0AD}.Debug|Any CPU.Build.0 = Debug|Any CPU
		{ECBBEBF5-982D-47C4-880C-939C1E3EC0AD}.Release|Any CPU.ActiveCfg = Release|Any CPU
		{ECBBEBF5-982D-47C4-880C-939C1E3EC0AD}.Release|Any CPU.Build.0 = Release|Any CPU
	EndGlobalSection
	GlobalSection(SolutionProperties) = preSolution
		HideSolutionNode = FALSE
	EndGlobalSection
	GlobalSection(ExtensibilityGlobals) = postSolution
		SolutionGuid = {F0FE10B7-CFEA-40FB-8916-6BED1E80A2E8}
	EndGlobalSection
EndGlobal
